
Microsoft Visual Studio Solution File, Format Version 12.00
# Visual Studio 15
VisualStudioVersion = 15.0.28307.572
MinimumVisualStudioVersion = 10.0.40219.1
Project("{FAE04EC0-301F-11D3-BF4B-00C04F79EFBC}") = "DevApp", "DevApp\DevApp.csproj", "{72C4F7BC-A682-4539-B64A-C6414DB242E2}"
EndProject
Project("{FAE04EC0-301F-11D3-BF4B-00C04F79EFBC}") = "DotNetifyLib.Pulse", "DotNetifyLib.Pulse\DotNetifyLib.Pulse.csproj", "{6648ED9D-47B0-4FC1-BA3D-CBAE52B0E633}"
EndProject
Global
	GlobalSection(SolutionConfigurationPlatforms) = preSolution
		Debug|Any CPU = Debug|Any CPU
		Release|Any CPU = Release|Any CPU
	EndGlobalSection
	GlobalSection(ProjectConfigurationPlatforms) = postSolution
		{72C4F7BC-A682-4539-B64A-C6414DB242E2}.Debug|Any CPU.ActiveCfg = Debug|Any CPU
		{72C4F7BC-A682-4539-B64A-C6414DB242E2}.Debug|Any CPU.Build.0 = Debug|Any CPU
		{72C4F7BC-A682-4539-B64A-C6414DB242E2}.Release|Any CPU.ActiveCfg = Release|Any CPU
		{72C4F7BC-A682-4539-B64A-C6414DB242E2}.Release|Any CPU.Build.0 = Release|Any CPU
		{6648ED9D-47B0-4FC1-BA3D-CBAE52B0E633}.Debug|Any CPU.ActiveCfg = Debug|Any CPU
		{6648ED9D-47B0-4FC1-BA3D-CBAE52B0E633}.Debug|Any CPU.Build.0 = Debug|Any CPU
		{6648ED9D-47B0-4FC1-BA3D-CBAE52B0E633}.Release|Any CPU.ActiveCfg = Release|Any CPU
		{6648ED9D-47B0-4FC1-BA3D-CBAE52B0E633}.Release|Any CPU.Build.0 = Release|Any CPU
	EndGlobalSection
	GlobalSection(SolutionProperties) = preSolution
		HideSolutionNode = FALSE
	EndGlobalSection
	GlobalSection(ExtensibilityGlobals) = postSolution
		SolutionGuid = {10E50947-D68F-4242-82F5-23AB3AEE58B5}
	EndGlobalSection
EndGlobal
